// !$*UTF8*$!
{
	archiveVersion = 1;
	classes = {
	};
	objectVersion = 55;
	objects = {

/* Begin PBXBuildFile section */
		1F0C6283288C34C700373CF2 /* GoogleService-Info.plist in Resources */ = {isa = PBXBuildFile; fileRef = 1F0C6282288C34C600373CF2 /* GoogleService-Info.plist */; };
		1F0C6286288C377D00373CF2 /* FirebaseAuth in Frameworks */ = {isa = PBXBuildFile; productRef = 1F0C6285288C377D00373CF2 /* FirebaseAuth */; };
		1F0C6288288C377D00373CF2 /* FirebaseFirestore in Frameworks */ = {isa = PBXBuildFile; productRef = 1F0C6287288C377D00373CF2 /* FirebaseFirestore */; };
		1F0C628A288C377D00373CF2 /* FirebaseFirestoreSwift in Frameworks */ = {isa = PBXBuildFile; productRef = 1F0C6289288C377D00373CF2 /* FirebaseFirestoreSwift */; };
		1F87C12028870F5E00774CC3 /* ChatAppApp.swift in Sources */ = {isa = PBXBuildFile; fileRef = 1F87C11F28870F5E00774CC3 /* ChatAppApp.swift */; };
		1F87C12228870F5E00774CC3 /* ConversationListView.swift in Sources */ = {isa = PBXBuildFile; fileRef = 1F87C12128870F5E00774CC3 /* ConversationListView.swift */; };
		1F87C12428870F6100774CC3 /* Assets.xcassets in Resources */ = {isa = PBXBuildFile; fileRef = 1F87C12328870F6100774CC3 /* Assets.xcassets */; };
		1F87C12728870F6100774CC3 /* Preview Assets.xcassets in Resources */ = {isa = PBXBuildFile; fileRef = 1F87C12628870F6100774CC3 /* Preview Assets.xcassets */; };
		1F87C1312887116600774CC3 /* SignInView.swift in Sources */ = {isa = PBXBuildFile; fileRef = 1F87C1302887116600774CC3 /* SignInView.swift */; };
		1F87C1332887117E00774CC3 /* SignUpView.swift in Sources */ = {isa = PBXBuildFile; fileRef = 1F87C1322887117E00774CC3 /* SignUpView.swift */; };
		1F87C1352887119700774CC3 /* ChatView.swift in Sources */ = {isa = PBXBuildFile; fileRef = 1F87C1342887119700774CC3 /* ChatView.swift */; };
		1F87C137288711A700774CC3 /* ChatRow.swift in Sources */ = {isa = PBXBuildFile; fileRef = 1F87C136288711A700774CC3 /* ChatRow.swift */; };
		1F87C139288711BA00774CC3 /* SearchView.swift in Sources */ = {isa = PBXBuildFile; fileRef = 1F87C138288711BA00774CC3 /* SearchView.swift */; };
		1F87C13B288711D900774CC3 /* SendButton.swift in Sources */ = {isa = PBXBuildFile; fileRef = 1F87C13A288711D900774CC3 /* SendButton.swift */; };
		1F87C13D2887133400774CC3 /* Message.swift in Sources */ = {isa = PBXBuildFile; fileRef = 1F87C13C2887133400774CC3 /* Message.swift */; };
		1F87C13F2887134800774CC3 /* AppStateModel.swift in Sources */ = {isa = PBXBuildFile; fileRef = 1F87C13E2887134700774CC3 /* AppStateModel.swift */; };
/* End PBXBuildFile section */

/* Begin PBXFileReference section */
		1F0C6282288C34C600373CF2 /* GoogleService-Info.plist */ = {isa = PBXFileReference; fileEncoding = 4; lastKnownFileType = text.plist.xml; path = "GoogleService-Info.plist"; sourceTree = "<group>"; };
		1F87C11C28870F5E00774CC3 /* ChatApp.app */ = {isa = PBXFileReference; explicitFileType = wrapper.application; includeInIndex = 0; path = ChatApp.app; sourceTree = BUILT_PRODUCTS_DIR; };
		1F87C11F28870F5E00774CC3 /* ChatAppApp.swift */ = {isa = PBXFileReference; lastKnownFileType = sourcecode.swift; path = ChatAppApp.swift; sourceTree = "<group>"; };
		1F87C12128870F5E00774CC3 /* ConversationListView.swift */ = {isa = PBXFileReference; lastKnownFileType = sourcecode.swift; path = ConversationListView.swift; sourceTree = "<group>"; };
		1F87C12328870F6100774CC3 /* Assets.xcassets */ = {isa = PBXFileReference; lastKnownFileType = folder.assetcatalog; path = Assets.xcassets; sourceTree = "<group>"; };
		1F87C12628870F6100774CC3 /* Preview Assets.xcassets */ = {isa = PBXFileReference; lastKnownFileType = folder.assetcatalog; path = "Preview Assets.xcassets"; sourceTree = "<group>"; };
		1F87C1302887116600774CC3 /* SignInView.swift */ = {isa = PBXFileReference; lastKnownFileType = sourcecode.swift; path = SignInView.swift; sourceTree = "<group>"; };
		1F87C1322887117E00774CC3 /* SignUpView.swift */ = {isa = PBXFileReference; lastKnownFileType = sourcecode.swift; path = SignUpView.swift; sourceTree = "<group>"; };
		1F87C1342887119700774CC3 /* ChatView.swift */ = {isa = PBXFileReference; lastKnownFileType = sourcecode.swift; path = ChatView.swift; sourceTree = "<group>"; };
		1F87C136288711A700774CC3 /* ChatRow.swift */ = {isa = PBXFileReference; lastKnownFileType = sourcecode.swift; path = ChatRow.swift; sourceTree = "<group>"; };
		1F87C138288711BA00774CC3 /* SearchView.swift */ = {isa = PBXFileReference; lastKnownFileType = sourcecode.swift; path = SearchView.swift; sourceTree = "<group>"; };
		1F87C13A288711D900774CC3 /* SendButton.swift */ = {isa = PBXFileReference; lastKnownFileType = sourcecode.swift; path = SendButton.swift; sourceTree = "<group>"; };
		1F87C13C2887133400774CC3 /* Message.swift */ = {isa = PBXFileReference; lastKnownFileType = sourcecode.swift; path = Message.swift; sourceTree = "<group>"; };
		1F87C13E2887134700774CC3 /* AppStateModel.swift */ = {isa = PBXFileReference; lastKnownFileType = sourcecode.swift; path = AppStateModel.swift; sourceTree = "<group>"; };
/* End PBXFileReference section */

/* Begin PBXFrameworksBuildPhase section */
		1F87C11928870F5E00774CC3 /* Frameworks */ = {
			isa = PBXFrameworksBuildPhase;
			buildActionMask = 2147483647;
			files = (
				1F0C6286288C377D00373CF2 /* FirebaseAuth in Frameworks */,
				1F0C6288288C377D00373CF2 /* FirebaseFirestore in Frameworks */,
				1F0C628A288C377D00373CF2 /* FirebaseFirestoreSwift in Frameworks */,
			);
			runOnlyForDeploymentPostprocessing = 0;
		};
/* End PBXFrameworksBuildPhase section */

/* Begin PBXGroup section */
		1F87C11328870F5E00774CC3 = {
			isa = PBXGroup;
			children = (
				1F87C11E28870F5E00774CC3 /* ChatApp */,
				1F87C11D28870F5E00774CC3 /* Products */,
			);
			sourceTree = "<group>";
		};
		1F87C11D28870F5E00774CC3 /* Products */ = {
			isa = PBXGroup;
			children = (
				1F87C11C28870F5E00774CC3 /* ChatApp.app */,
			);
			name = Products;
			sourceTree = "<group>";
		};
		1F87C11E28870F5E00774CC3 /* ChatApp */ = {
			isa = PBXGroup;
			children = (
				1F87C12F288710B600774CC3 /* Resources */,
				1F87C12E288710B100774CC3 /* Models */,
				1F87C12D288710AD00774CC3 /* Views */,
				1F87C12528870F6100774CC3 /* Preview Content */,
			);
			path = ChatApp;
			sourceTree = "<group>";
		};
		1F87C12528870F6100774CC3 /* Preview Content */ = {
			isa = PBXGroup;
			children = (
				1F87C12628870F6100774CC3 /* Preview Assets.xcassets */,
			);
			path = "Preview Content";
			sourceTree = "<group>";
		};
		1F87C12D288710AD00774CC3 /* Views */ = {
			isa = PBXGroup;
			children = (
				1F87C12128870F5E00774CC3 /* ConversationListView.swift */,
				1F87C1302887116600774CC3 /* SignInView.swift */,
				1F87C1322887117E00774CC3 /* SignUpView.swift */,
				1F87C1342887119700774CC3 /* ChatView.swift */,
				1F87C136288711A700774CC3 /* ChatRow.swift */,
				1F87C138288711BA00774CC3 /* SearchView.swift */,
				1F87C13A288711D900774CC3 /* SendButton.swift */,
			);
			path = Views;
			sourceTree = "<group>";
		};
		1F87C12E288710B100774CC3 /* Models */ = {
			isa = PBXGroup;
			children = (
				1F87C13C2887133400774CC3 /* Message.swift */,
				1F87C13E2887134700774CC3 /* AppStateModel.swift */,
			);
			path = Models;
			sourceTree = "<group>";
		};
		1F87C12F288710B600774CC3 /* Resources */ = {
			isa = PBXGroup;
			children = (
				1F87C11F28870F5E00774CC3 /* ChatAppApp.swift */,
				1F87C12328870F6100774CC3 /* Assets.xcassets */,
				1F0C6282288C34C600373CF2 /* GoogleService-Info.plist */,
			);
			path = Resources;
			sourceTree = "<group>";
		};
/* End PBXGroup section */

/* Begin PBXNativeTarget section */
		1F87C11B28870F5E00774CC3 /* ChatApp */ = {
			isa = PBXNativeTarget;
			buildConfigurationList = 1F87C12A28870F6100774CC3 /* Build configuration list for PBXNativeTarget "ChatApp" */;
			buildPhases = (
				1F87C11828870F5E00774CC3 /* Sources */,
				1F87C11928870F5E00774CC3 /* Frameworks */,
				1F87C11A28870F5E00774CC3 /* Resources */,
			);
			buildRules = (
			);
			dependencies = (
			);
			name = ChatApp;
			packageProductDependencies = (
				1F0C6285288C377D00373CF2 /* FirebaseAuth */,
				1F0C6287288C377D00373CF2 /* FirebaseFirestore */,
				1F0C6289288C377D00373CF2 /* FirebaseFirestoreSwift */,
			);
			productName = ChatApp;
			productReference = 1F87C11C28870F5E00774CC3 /* ChatApp.app */;
			productType = "com.apple.product-type.application";
		};
/* End PBXNativeTarget section */

/* Begin PBXProject section */
		1F87C11428870F5E00774CC3 /* Project object */ = {
			isa = PBXProject;
			attributes = {
				BuildIndependentTargetsInParallel = 1;
				LastSwiftUpdateCheck = 1340;
				LastUpgradeCheck = 1340;
				TargetAttributes = {
					1F87C11B28870F5E00774CC3 = {
						CreatedOnToolsVersion = 13.4.1;
					};
				};
			};
			buildConfigurationList = 1F87C11728870F5E00774CC3 /* Build configuration list for PBXProject "ChatApp" */;
			compatibilityVersion = "Xcode 13.0";
			developmentRegion = en;
			hasScannedForEncodings = 0;
			knownRegions = (
				en,
				Base,
			);
			mainGroup = 1F87C11328870F5E00774CC3;
			packageReferences = (
				1F0C6284288C377D00373CF2 /* XCRemoteSwiftPackageReference "firebase-ios-sdk" */,
			);
			productRefGroup = 1F87C11D28870F5E00774CC3 /* Products */;
			projectDirPath = "";
			projectRoot = "";
			targets = (
				1F87C11B28870F5E00774CC3 /* ChatApp */,
			);
		};
/* End PBXProject section */

/* Begin PBXResourcesBuildPhase section */
		1F87C11A28870F5E00774CC3 /* Resources */ = {
			isa = PBXResourcesBuildPhase;
			buildActionMask = 2147483647;
			files = (
				1F87C12728870F6100774CC3 /* Preview Assets.xcassets in Resources */,
				1F87C12428870F6100774CC3 /* Assets.xcassets in Resources */,
				1F0C6283288C34C700373CF2 /* GoogleService-Info.plist in Resources */,
			);
			runOnlyForDeploymentPostprocessing = 0;
		};
/* End PBXResourcesBuildPhase section */

/* Begin PBXSourcesBuildPhase section */
		1F87C11828870F5E00774CC3 /* Sources */ = {
			isa = PBXSourcesBuildPhase;
			buildActionMask = 2147483647;
			files = (
				1F87C1332887117E00774CC3 /* SignUpView.swift in Sources */,
				1F87C13B288711D900774CC3 /* SendButton.swift in Sources */,
				1F87C1312887116600774CC3 /* SignInView.swift in Sources */,
				1F87C13D2887133400774CC3 /* Message.swift in Sources */,
				1F87C1352887119700774CC3 /* ChatView.swift in Sources */,
				1F87C139288711BA00774CC3 /* SearchView.swift in Sources */,
				1F87C12228870F5E00774CC3 /* ConversationListView.swift in Sources */,
				1F87C137288711A700774CC3 /* ChatRow.swift in Sources */,
				1F87C12028870F5E00774CC3 /* ChatAppApp.swift in Sources */,
				1F87C13F2887134800774CC3 /* AppStateModel.swift in Sources */,
			);
			runOnlyForDeploymentPostprocessing = 0;
		};
/* End PBXSourcesBuildPhase section */

/* Begin XCBuildConfiguration section */
		1F87C12828870F6100774CC3 /* Debug */ = {
			isa = XCBuildConfiguration;
			buildSettings = {
				ALWAYS_SEARCH_USER_PATHS = NO;
				CLANG_ANALYZER_NONNULL = YES;
				CLANG_ANALYZER_NUMBER_OBJECT_CONVERSION = YES_AGGRESSIVE;
				CLANG_CXX_LANGUAGE_STANDARD = "gnu++17";
				CLANG_ENABLE_MODULES = YES;
				CLANG_ENABLE_OBJC_ARC = YES;
				CLANG_ENABLE_OBJC_WEAK = YES;
				CLANG_WARN_BLOCK_CAPTURE_AUTORELEASING = YES;
				CLANG_WARN_BOOL_CONVERSION = YES;
				CLANG_WARN_COMMA = YES;
				CLANG_WARN_CONSTANT_CONVERSION = YES;
				CLANG_WARN_DEPRECATED_OBJC_IMPLEMENTATIONS = YES;
				CLANG_WARN_DIRECT_OBJC_ISA_USAGE = YES_ERROR;
				CLANG_WARN_DOCUMENTATION_COMMENTS = YES;
				CLANG_WARN_EMPTY_BODY = YES;
				CLANG_WARN_ENUM_CONVERSION = YES;
				CLANG_WARN_INFINITE_RECURSION = YES;
				CLANG_WARN_INT_CONVERSION = YES;
				CLANG_WARN_NON_LITERAL_NULL_CONVERSION = YES;
				CLANG_WARN_OBJC_IMPLICIT_RETAIN_SELF = YES;
				CLANG_WARN_OBJC_LITERAL_CONVERSION = YES;
				CLANG_WARN_OBJC_ROOT_CLASS = YES_ERROR;
				CLANG_WARN_QUOTED_INCLUDE_IN_FRAMEWORK_HEADER = YES;
				CLANG_WARN_RANGE_LOOP_ANALYSIS = YES;
				CLANG_WARN_STRICT_PROTOTYPES = YES;
				CLANG_WARN_SUSPICIOUS_MOVE = YES;
				CLANG_WARN_UNGUARDED_AVAILABILITY = YES_AGGRESSIVE;
				CLANG_WARN_UNREACHABLE_CODE = YES;
				CLANG_WARN__DUPLICATE_METHOD_MATCH = YES;
				COPY_PHASE_STRIP = NO;
				DEBUG_INFORMATION_FORMAT = dwarf;
				ENABLE_STRICT_OBJC_MSGSEND = YES;
				ENABLE_TESTABILITY = YES;
				GCC_C_LANGUAGE_STANDARD = gnu11;
				GCC_DYNAMIC_NO_PIC = NO;
				GCC_NO_COMMON_BLOCKS = YES;
				GCC_OPTIMIZATION_LEVEL = 0;
				GCC_PREPROCESSOR_DEFINITIONS = (
					"DEBUG=1",
					"$(inherited)",
				);
				GCC_WARN_64_TO_32_BIT_CONVERSION = YES;
				GCC_WARN_ABOUT_RETURN_TYPE = YES_ERROR;
				GCC_WARN_UNDECLARED_SELECTOR = YES;
				GCC_WARN_UNINITIALIZED_AUTOS = YES_AGGRESSIVE;
				GCC_WARN_UNUSED_FUNCTION = YES;
				GCC_WARN_UNUSED_VARIABLE = YES;
				IPHONEOS_DEPLOYMENT_TARGET = 15.5;
				MTL_ENABLE_DEBUG_INFO = INCLUDE_SOURCE;
				MTL_FAST_MATH = YES;
				ONLY_ACTIVE_ARCH = YES;
				SDKROOT = iphoneos;
				SWIFT_ACTIVE_COMPILATION_CONDITIONS = DEBUG;
				SWIFT_OPTIMIZATION_LEVEL = "-Onone";
			};
			name = Debug;
		};
		1F87C12928870F6100774CC3 /* Release */ = {
			isa = XCBuildConfiguration;
			buildSettings = {
				ALWAYS_SEARCH_USER_PATHS = NO;
				CLANG_ANALYZER_NONNULL = YES;
				CLANG_ANALYZER_NUMBER_OBJECT_CONVERSION = YES_AGGRESSIVE;
				CLANG_CXX_LANGUAGE_STANDARD = "gnu++17";
				CLANG_ENABLE_MODULES = YES;
				CLANG_ENABLE_OBJC_ARC = YES;
				CLANG_ENABLE_OBJC_WEAK = YES;
				CLANG_WARN_BLOCK_CAPTURE_AUTORELEASING = YES;
				CLANG_WARN_BOOL_CONVERSION = YES;
				CLANG_WARN_COMMA = YES;
				CLANG_WARN_CONSTANT_CONVERSION = YES;
				CLANG_WARN_DEPRECATED_OBJC_IMPLEMENTATIONS = YES;
				CLANG_WARN_DIRECT_OBJC_ISA_USAGE = YES_ERROR;
				CLANG_WARN_DOCUMENTATION_COMMENTS = YES;
				CLANG_WARN_EMPTY_BODY = YES;
				CLANG_WARN_ENUM_CONVERSION = YES;
				CLANG_WARN_INFINITE_RECURSION = YES;
				CLANG_WARN_INT_CONVERSION = YES;
				CLANG_WARN_NON_LITERAL_NULL_CONVERSION = YES;
				CLANG_WARN_OBJC_IMPLICIT_RETAIN_SELF = YES;
				CLANG_WARN_OBJC_LITERAL_CONVERSION = YES;
				CLANG_WARN_OBJC_ROOT_CLASS = YES_ERROR;
				CLANG_WARN_QUOTED_INCLUDE_IN_FRAMEWORK_HEADER = YES;
				CLANG_WARN_RANGE_LOOP_ANALYSIS = YES;
				CLANG_WARN_STRICT_PROTOTYPES = YES;
				CLANG_WARN_SUSPICIOUS_MOVE = YES;
				CLANG_WARN_UNGUARDED_AVAILABILITY = YES_AGGRESSIVE;
				CLANG_WARN_UNREACHABLE_CODE = YES;
				CLANG_WARN__DUPLICATE_METHOD_MATCH = YES;
				COPY_PHASE_STRIP = NO;
				DEBUG_INFORMATION_FORMAT = "dwarf-with-dsym";
				ENABLE_NS_ASSERTIONS = NO;
				ENABLE_STRICT_OBJC_MSGSEND = YES;
				GCC_C_LANGUAGE_STANDARD = gnu11;
				GCC_NO_COMMON_BLOCKS = YES;
				GCC_WARN_64_TO_32_BIT_CONVERSION = YES;
				GCC_WARN_ABOUT_RETURN_TYPE = YES_ERROR;
				GCC_WARN_UNDECLARED_SELECTOR = YES;
				GCC_WARN_UNINITIALIZED_AUTOS = YES_AGGRESSIVE;
				GCC_WARN_UNUSED_FUNCTION = YES;
				GCC_WARN_UNUSED_VARIABLE = YES;
				IPHONEOS_DEPLOYMENT_TARGET = 15.5;
				MTL_ENABLE_DEBUG_INFO = NO;
				MTL_FAST_MATH = YES;
				SDKROOT = iphoneos;
				SWIFT_COMPILATION_MODE = wholemodule;
				SWIFT_OPTIMIZATION_LEVEL = "-O";
				VALIDATE_PRODUCT = YES;
			};
			name = Release;
		};
		1F87C12B28870F6100774CC3 /* Debug */ = {
			isa = XCBuildConfiguration;
			buildSettings = {
				ASSETCATALOG_COMPILER_APPICON_NAME = AppIcon;
				ASSETCATALOG_COMPILER_GLOBAL_ACCENT_COLOR_NAME = AccentColor;
				CODE_SIGN_STYLE = Automatic;
				CURRENT_PROJECT_VERSION = 1;
				DEVELOPMENT_ASSET_PATHS = "\"ChatApp/Preview Content\"";
				DEVELOPMENT_TEAM = RTJ9N9VRF5;
				ENABLE_PREVIEWS = YES;
				GENERATE_INFOPLIST_FILE = YES;
				INFOPLIST_KEY_UIApplicationSceneManifest_Generation = YES;
				INFOPLIST_KEY_UIApplicationSupportsIndirectInputEvents = YES;
				INFOPLIST_KEY_UILaunchScreen_Generation = YES;
				INFOPLIST_KEY_UISupportedInterfaceOrientations_iPad = "UIInterfaceOrientationPortrait UIInterfaceOrientationPortraitUpsideDown UIInterfaceOrientationLandscapeLeft UIInterfaceOrientationLandscapeRight";
				INFOPLIST_KEY_UISupportedInterfaceOrientations_iPhone = "UIInterfaceOrientationPortrait UIInterfaceOrientationLandscapeLeft UIInterfaceOrientationLandscapeRight";
				IPHONEOS_DEPLOYMENT_TARGET = 15.0;
				LD_RUNPATH_SEARCH_PATHS = (
					"$(inherited)",
					"@executable_path/Frameworks",
				);
				MARKETING_VERSION = 1.0;
				PRODUCT_BUNDLE_IDENTIFIER = com.mikekos.ChatApp;
				PRODUCT_NAME = "$(TARGET_NAME)";
				SWIFT_EMIT_LOC_STRINGS = YES;
				SWIFT_VERSION = 5.0;
				TARGETED_DEVICE_FAMILY = "1,2";
			};
			name = Debug;
		};
		1F87C12C28870F6100774CC3 /* Release */ = {
			isa = XCBuildConfiguration;
			buildSettings = {
				ASSETCATALOG_COMPILER_APPICON_NAME = AppIcon;
				ASSETCATALOG_COMPILER_GLOBAL_ACCENT_COLOR_NAME = AccentColor;
				CODE_SIGN_STYLE = Automatic;
				CURRENT_PROJECT_VERSION = 1;
				DEVELOPMENT_ASSET_PATHS = "\"ChatApp/Preview Content\"";
				DEVELOPMENT_TEAM = RTJ9N9VRF5;
				ENABLE_PREVIEWS = YES;
				GENERATE_INFOPLIST_FILE = YES;
				INFOPLIST_KEY_UIApplicationSceneManifest_Generation = YES;
				INFOPLIST_KEY_UIApplicationSupportsIndirectInputEvents = YES;
				INFOPLIST_KEY_UILaunchScreen_Generation = YES;
				INFOPLIST_KEY_UISupportedInterfaceOrientations_iPad = "UIInterfaceOrientationPortrait UIInterfaceOrientationPortraitUpsideDown UIInterfaceOrientationLandscapeLeft UIInterfaceOrientationLandscapeRight";
				INFOPLIST_KEY_UISupportedInterfaceOrientations_iPhone = "UIInterfaceOrientationPortrait UIInterfaceOrientationLandscapeLeft UIInterfaceOrientationLandscapeRight";
				IPHONEOS_DEPLOYMENT_TARGET = 15.0;
				LD_RUNPATH_SEARCH_PATHS = (
					"$(inherited)",
					"@executable_path/Frameworks",
				);
				MARKETING_VERSION = 1.0;
				PRODUCT_BUNDLE_IDENTIFIER = com.mikekos.ChatApp;
				PRODUCT_NAME = "$(TARGET_NAME)";
				SWIFT_EMIT_LOC_STRINGS = YES;
				SWIFT_VERSION = 5.0;
				TARGETED_DEVICE_FAMILY = "1,2";
			};
			name = Release;
		};
/* End XCBuildConfiguration section */

/* Begin XCConfigurationList section */
		1F87C11728870F5E00774CC3 /* Build configuration list for PBXProject "ChatApp" */ = {
			isa = XCConfigurationList;
			buildConfigurations = (
				1F87C12828870F6100774CC3 /* Debug */,
				1F87C12928870F6100774CC3 /* Release */,
			);
			defaultConfigurationIsVisible = 0;
			defaultConfigurationName = Release;
		};
		1F87C12A28870F6100774CC3 /* Build configuration list for PBXNativeTarget "ChatApp" */ = {
			isa = XCConfigurationList;
			buildConfigurations = (
				1F87C12B28870F6100774CC3 /* Debug */,
				1F87C12C28870F6100774CC3 /* Release */,
			);
			defaultConfigurationIsVisible = 0;
			defaultConfigurationName = Release;
		};
/* End XCConfigurationList section */

/* Begin XCRemoteSwiftPackageReference section */
		1F0C6284288C377D00373CF2 /* XCRemoteSwiftPackageReference "firebase-ios-sdk" */ = {
			isa = XCRemoteSwiftPackageReference;
			repositoryURL = "https://github.com/firebase/firebase-ios-sdk";
			requirement = {
				branch = master;
				kind = branch;
			};
		};
/* End XCRemoteSwiftPackageReference section */

/* Begin XCSwiftPackageProductDependency section */
		1F0C6285288C377D00373CF2 /* FirebaseAuth */ = {
			isa = XCSwiftPackageProductDependency;
			package = 1F0C6284288C377D00373CF2 /* XCRemoteSwiftPackageReference "firebase-ios-sdk" */;
			productName = FirebaseAuth;
		};
		1F0C6287288C377D00373CF2 /* FirebaseFirestore */ = {
			isa = XCSwiftPackageProductDependency;
			package = 1F0C6284288C377D00373CF2 /* XCRemoteSwiftPackageReference "firebase-ios-sdk" */;
			productName = FirebaseFirestore;
		};
		1F0C6289288C377D00373CF2 /* FirebaseFirestoreSwift */ = {
			isa = XCSwiftPackageProductDependency;
			package = 1F0C6284288C377D00373CF2 /* XCRemoteSwiftPackageReference "firebase-ios-sdk" */;
			productName = FirebaseFirestoreSwift;
		};
/* End XCSwiftPackageProductDependency section */
	};
	rootObject = 1F87C11428870F5E00774CC3 /* Project object */;
}
